// !$*UTF8*$!
{
	archiveVersion = 1;
	classes = {
	};
	objectVersion = 54;
	objects = {

/* Begin PBXBuildFile section */
		00E356F31AD99517003FC87E /* ESP8266Tests.m in Sources */ = {isa = PBXBuildFile; fileRef = 00E356F21AD99517003FC87E /* ESP8266Tests.m */; };
		0C80B921A6F3F58F76C31292 /* libPods-ESP8266.a in Frameworks */ = {isa = PBXBuildFile; fileRef = 5DCACB8F33CDC322A6C60F78 /* libPods-ESP8266.a */; };
		13B07FBC1A68108700A75B9A /* AppDelegate.mm in Sources */ = {isa = PBXBuildFile; fileRef = 13B07FB01A68108700A75B9A /* AppDelegate.mm */; };
		13B07FBF1A68108700A75B9A /* Images.xcassets in Resources */ = {isa = PBXBuildFile; fileRef = 13B07FB51A68108700A75B9A /* Images.xcassets */; };
		13B07FC11A68108700A75B9A /* main.m in Sources */ = {isa = PBXBuildFile; fileRef = 13B07FB71A68108700A75B9A /* main.m */; };
		7699B88040F8A987B510C191 /* libPods-ESP8266-ESP8266Tests.a in Frameworks */ = {isa = PBXBuildFile; fileRef = 19F6CBCC0A4E27FBF8BF4A61 /* libPods-ESP8266-ESP8266Tests.a */; };
		81AB9BB82411601600AC10FF /* LaunchScreen.storyboard in Resources */ = {isa = PBXBuildFile; fileRef = 81AB9BB72411601600AC10FF /* LaunchScreen.storyboard */; };
		8FBC98577C074DA88D3DBAC2 /* SVN-Gilroy Black Italic.otf in Resources */ = {isa = PBXBuildFile; fileRef = 044980A8D9C7439987C3F143 /* SVN-Gilroy Black Italic.otf */; };
		4DFBF7E97F6543DDA4F4A5DA /* SVN-Gilroy Black.otf in Resources */ = {isa = PBXBuildFile; fileRef = 5B772384D26A4CB8865B4214 /* SVN-Gilroy Black.otf */; };
		AB5DA860E00B48959A1830BA /* SVN-Gilroy Bold Italic.otf in Resources */ = {isa = PBXBuildFile; fileRef = 0CF5F43D6E074DD5AFA5A760 /* SVN-Gilroy Bold Italic.otf */; };
		4603D3F8030F434A9154127C /* SVN-Gilroy Bold.otf in Resources */ = {isa = PBXBuildFile; fileRef = 225492F5F8F541EC84B432AA /* SVN-Gilroy Bold.otf */; };
		753ECBACD51F4969809D1F2F /* SVN-Gilroy Heavy Italic.otf in Resources */ = {isa = PBXBuildFile; fileRef = 41EC147150474867B72E94C7 /* SVN-Gilroy Heavy Italic.otf */; };
		8151E289E76545338F96DAAE /* SVN-Gilroy Heavy.otf in Resources */ = {isa = PBXBuildFile; fileRef = 73B7A8A7245342B1B6EC2BF8 /* SVN-Gilroy Heavy.otf */; };
		7CAB8512B4E54B4580F9E63F /* SVN-Gilroy Italic.otf in Resources */ = {isa = PBXBuildFile; fileRef = D59E5264732B49D4BE598C9A /* SVN-Gilroy Italic.otf */; };
		E5D1A25CCBD64175A0FF54B2 /* SVN-Gilroy Light Italic.otf in Resources */ = {isa = PBXBuildFile; fileRef = C9042E59B801449A97686A0B /* SVN-Gilroy Light Italic.otf */; };
		0B2617645EFD4BBE8F5BF738 /* SVN-Gilroy Light.otf in Resources */ = {isa = PBXBuildFile; fileRef = F909D9F0BADA4ACEA7A3C488 /* SVN-Gilroy Light.otf */; };
		40C8E74A75F946CB98E7E2B0 /* SVN-Gilroy Medium Italic.otf in Resources */ = {isa = PBXBuildFile; fileRef = D563FC374D96413B936D9A19 /* SVN-Gilroy Medium Italic.otf */; };
		ADECF0C94E674228BDD19157 /* SVN-Gilroy Medium.otf in Resources */ = {isa = PBXBuildFile; fileRef = C6809BC7690C4458A69F8DAB /* SVN-Gilroy Medium.otf */; };
		E2A9F813579B4B1DAE063B21 /* SVN-Gilroy Regular.otf in Resources */ = {isa = PBXBuildFile; fileRef = 48614CC53D114CB98CA5D9C6 /* SVN-Gilroy Regular.otf */; };
		D4BB16FC5F5D483B87157701 /* SVN-Gilroy SemiBold Italic.otf in Resources */ = {isa = PBXBuildFile; fileRef = 19CA850F75CE4E17BBDBA023 /* SVN-Gilroy SemiBold Italic.otf */; };
		0F3FDE5E764C4688B6AE7C19 /* SVN-Gilroy SemiBold.otf in Resources */ = {isa = PBXBuildFile; fileRef = 533A63601C1648C5A372EE91 /* SVN-Gilroy SemiBold.otf */; };
		7210E72122E140C8A3621596 /* SVN-Gilroy Thin Italic.otf in Resources */ = {isa = PBXBuildFile; fileRef = 8F280B0943914159B8283D81 /* SVN-Gilroy Thin Italic.otf */; };
		054D2A0789DC4DBDAFD13ACD /* SVN-Gilroy Thin.otf in Resources */ = {isa = PBXBuildFile; fileRef = 26DCD90B8FA5498080B37A38 /* SVN-Gilroy Thin.otf */; };
		D87BF2A1697A4BB295A3C38B /* SVN-Gilroy XBold Italic.otf in Resources */ = {isa = PBXBuildFile; fileRef = 457C5B96B05A467A93CA275E /* SVN-Gilroy XBold Italic.otf */; };
		7C6F4F270C974B88A43044C0 /* SVN-Gilroy XBold.otf in Resources */ = {isa = PBXBuildFile; fileRef = BBF685D426494D7F9DD13A13 /* SVN-Gilroy XBold.otf */; };
		7C63F018FB1240C89FC24FF4 /* SVN-Gilroy Xlight Italic.otf in Resources */ = {isa = PBXBuildFile; fileRef = DD53B3E9A0054D41BA57C081 /* SVN-Gilroy Xlight Italic.otf */; };
		A8FCEB4C93D84AD2A97E76AF /* SVN-Gilroy Xlight.otf in Resources */ = {isa = PBXBuildFile; fileRef = D68265B2520B4A1D91D6EB6F /* SVN-Gilroy Xlight.otf */; };
		D93F781347B647FC83351B78 /* SVN-Gilroy Black Italic.eot in Resources */ = {isa = PBXBuildFile; fileRef = 61F104F064764547A0220D41 /* SVN-Gilroy Black Italic.eot */; };
		1D60A5310B064A64971953B6 /* SVN-Gilroy Black Italic.woff in Resources */ = {isa = PBXBuildFile; fileRef = 817DB75A04184CF1A830E8B7 /* SVN-Gilroy Black Italic.woff */; };
		C91C0DFA30D842E088CEB7CE /* SVN-Gilroy Black.eot in Resources */ = {isa = PBXBuildFile; fileRef = 9098D1E421EE45F496672984 /* SVN-Gilroy Black.eot */; };
		955B29ADAEEE43BABA6733B0 /* SVN-Gilroy Black.woff in Resources */ = {isa = PBXBuildFile; fileRef = 323FF646224D485E924FE911 /* SVN-Gilroy Black.woff */; };
		E1BAB784E3D143D0B94074BB /* SVN-Gilroy Bold Italic.eot in Resources */ = {isa = PBXBuildFile; fileRef = 99024BA3A8E64AD2B66E84C7 /* SVN-Gilroy Bold Italic.eot */; };
		FE1312EC6209449EBCC11588 /* SVN-Gilroy Bold Italic.woff in Resources */ = {isa = PBXBuildFile; fileRef = 9A32517438C34DCB9A7784C3 /* SVN-Gilroy Bold Italic.woff */; };
		3341C9E95D274360A204B789 /* SVN-Gilroy Bold.eot in Resources */ = {isa = PBXBuildFile; fileRef = 3F73F8F2AC9E4EA69525C4DF /* SVN-Gilroy Bold.eot */; };
		636DCEE48AC545FC995CC864 /* SVN-Gilroy Bold.woff in Resources */ = {isa = PBXBuildFile; fileRef = 8C5837A728FB431F99679383 /* SVN-Gilroy Bold.woff */; };
		5E539A02ECEC4F54A4FD94E0 /* SVN-Gilroy Heavy Italic.eot in Resources */ = {isa = PBXBuildFile; fileRef = 520F60A6405843BC92EF10BE /* SVN-Gilroy Heavy Italic.eot */; };
		DE8102BAB4C24795B74FCA78 /* SVN-Gilroy Heavy Italic.woff in Resources */ = {isa = PBXBuildFile; fileRef = CD47B426A27D4DB8967CFD9C /* SVN-Gilroy Heavy Italic.woff */; };
		3C26094D276E42BEBEF3C1A2 /* SVN-Gilroy Heavy.eot in Resources */ = {isa = PBXBuildFile; fileRef = 51E22B2D0E12489D9FF14355 /* SVN-Gilroy Heavy.eot */; };
		4904384CE73447968EC9DC0A /* SVN-Gilroy Heavy.woff in Resources */ = {isa = PBXBuildFile; fileRef = 9433B01A37B6423B931C626B /* SVN-Gilroy Heavy.woff */; };
		A055BDE7083643A9BE17732F /* SVN-Gilroy Italic.eot in Resources */ = {isa = PBXBuildFile; fileRef = AC6778EF8D2244BA94A309C8 /* SVN-Gilroy Italic.eot */; };
		1C6531D9694E4DA7B0D920D1 /* SVN-Gilroy Italic.woff in Resources */ = {isa = PBXBuildFile; fileRef = 17B7D2D12E654070B9A50C91 /* SVN-Gilroy Italic.woff */; };
		E71ECA59C6C043C695B7BF4C /* SVN-Gilroy Light Italic.eot in Resources */ = {isa = PBXBuildFile; fileRef = 2152CE81EFE24D56BF4EFD4F /* SVN-Gilroy Light Italic.eot */; };
		FEEC1EFFB65742908C7F06E2 /* SVN-Gilroy Light Italic.woff in Resources */ = {isa = PBXBuildFile; fileRef = 6DCBE290BAD5481BADA9007D /* SVN-Gilroy Light Italic.woff */; };
		90B887AF706647BDADE25CA0 /* SVN-Gilroy Light.eot in Resources */ = {isa = PBXBuildFile; fileRef = C985BE57B64B4B3CB1F0C59A /* SVN-Gilroy Light.eot */; };
		7AECA09962484A3D829BF67A /* SVN-Gilroy Light.woff in Resources */ = {isa = PBXBuildFile; fileRef = D2D5F41EA06F4595A1EBD367 /* SVN-Gilroy Light.woff */; };
		CF880F89A2454AE698009EBA /* SVN-Gilroy Medium Italic.eot in Resources */ = {isa = PBXBuildFile; fileRef = E733923CC74947A387169AFB /* SVN-Gilroy Medium Italic.eot */; };
		EA856120899C4FCCA64AC364 /* SVN-Gilroy Medium Italic.woff in Resources */ = {isa = PBXBuildFile; fileRef = 5630A4AD471344A29EAD9701 /* SVN-Gilroy Medium Italic.woff */; };
		F540BC105536487295B373B9 /* SVN-Gilroy Medium.eot in Resources */ = {isa = PBXBuildFile; fileRef = 3AC5086C5D4B4C059A3BD853 /* SVN-Gilroy Medium.eot */; };
		402422E42D444BA5B367D7B0 /* SVN-Gilroy Medium.woff in Resources */ = {isa = PBXBuildFile; fileRef = B00677CE03E848A1B17A3023 /* SVN-Gilroy Medium.woff */; };
		F48DDCC787D7484D81FE6466 /* SVN-Gilroy Regular.eot in Resources */ = {isa = PBXBuildFile; fileRef = 1FFCF77FA9184A88920D6159 /* SVN-Gilroy Regular.eot */; };
		A319194BA1CB45749B5393E1 /* SVN-Gilroy Regular.woff in Resources */ = {isa = PBXBuildFile; fileRef = 2945262BAC6A41AB82296CEF /* SVN-Gilroy Regular.woff */; };
		C3175BA22EA142D5900A8896 /* SVN-Gilroy SemiBold Italic.eot in Resources */ = {isa = PBXBuildFile; fileRef = B4EC3FAAB5914F8BA77C9448 /* SVN-Gilroy SemiBold Italic.eot */; };
		ED3D249F22434826A094F6AC /* SVN-Gilroy SemiBold Italic.woff in Resources */ = {isa = PBXBuildFile; fileRef = 35BEA5A1A83B4A619D294320 /* SVN-Gilroy SemiBold Italic.woff */; };
		04230C8B2BDC4B78A2BFFA28 /* SVN-Gilroy SemiBold.eot in Resources */ = {isa = PBXBuildFile; fileRef = 0482BE15E08049FCA6F291B4 /* SVN-Gilroy SemiBold.eot */; };
		336411DE14CD4CF3B7E2635C /* SVN-Gilroy SemiBold.woff in Resources */ = {isa = PBXBuildFile; fileRef = 4B788D408B7F483E97085C12 /* SVN-Gilroy SemiBold.woff */; };
		8DF28AF964C440228E6C57BD /* SVN-Gilroy Thin Italic.eot in Resources */ = {isa = PBXBuildFile; fileRef = FDCB812C5C704619B76B9421 /* SVN-Gilroy Thin Italic.eot */; };
		4B79C8C42ADB4D969F66C365 /* SVN-Gilroy Thin Italic.woff in Resources */ = {isa = PBXBuildFile; fileRef = DC3593F9ED4A4332B8594D3A /* SVN-Gilroy Thin Italic.woff */; };
		A73CB66F4231455B949BB143 /* SVN-Gilroy Thin.eot in Resources */ = {isa = PBXBuildFile; fileRef = A81B23F01C2C4FCE80E90521 /* SVN-Gilroy Thin.eot */; };
		F61587F8712F4393883B1213 /* SVN-Gilroy Thin.woff in Resources */ = {isa = PBXBuildFile; fileRef = 609BDFEE70C4438FAB6CEE2D /* SVN-Gilroy Thin.woff */; };
		C698C12DD5874935856C4AFB /* SVN-Gilroy XBold Italic.eot in Resources */ = {isa = PBXBuildFile; fileRef = 9214305FB5F049F8A7AC3DCE /* SVN-Gilroy XBold Italic.eot */; };
		451791CC321C43E7AA05AE15 /* SVN-Gilroy XBold Italic.woff in Resources */ = {isa = PBXBuildFile; fileRef = 0C5852BE9214462695A2730E /* SVN-Gilroy XBold Italic.woff */; };
		7F493B0541FE42D68F229D12 /* SVN-Gilroy XBold.eot in Resources */ = {isa = PBXBuildFile; fileRef = F7668BF8D49F4D4281257692 /* SVN-Gilroy XBold.eot */; };
		0DD411B59D164F86AFB700B0 /* SVN-Gilroy XBold.woff in Resources */ = {isa = PBXBuildFile; fileRef = A31C9BC69B87473BA80E9942 /* SVN-Gilroy XBold.woff */; };
		9B16A92090624FD1BDB9DF15 /* SVN-Gilroy Xlight Italic.eot in Resources */ = {isa = PBXBuildFile; fileRef = A7FE88F9384D401DAF275DD0 /* SVN-Gilroy Xlight Italic.eot */; };
		D1B3B97B59A54755A45F84A6 /* SVN-Gilroy Xlight Italic.woff in Resources */ = {isa = PBXBuildFile; fileRef = C7B1AAE3A1AB497ABE636813 /* SVN-Gilroy Xlight Italic.woff */; };
		737550229E5444FC9EDE635E /* SVN-Gilroy Xlight.eot in Resources */ = {isa = PBXBuildFile; fileRef = A6954346335E4CEBA16E5F9F /* SVN-Gilroy Xlight.eot */; };
		A56BBBF08F21419A821257E7 /* SVN-Gilroy Xlight.woff in Resources */ = {isa = PBXBuildFile; fileRef = BB2FA069A10F4507839AFE67 /* SVN-Gilroy Xlight.woff */; };
/* End PBXBuildFile section */

/* Begin PBXContainerItemProxy section */
		00E356F41AD99517003FC87E /* PBXContainerItemProxy */ = {
			isa = PBXContainerItemProxy;
			containerPortal = 83CBB9F71A601CBA00E9B192 /* Project object */;
			proxyType = 1;
			remoteGlobalIDString = 13B07F861A680F5B00A75B9A;
			remoteInfo = ESP8266;
		};
/* End PBXContainerItemProxy section */

/* Begin PBXFileReference section */
		00E356EE1AD99517003FC87E /* ESP8266Tests.xctest */ = {isa = PBXFileReference; explicitFileType = wrapper.cfbundle; includeInIndex = 0; path = ESP8266Tests.xctest; sourceTree = BUILT_PRODUCTS_DIR; };
		00E356F11AD99517003FC87E /* Info.plist */ = {isa = PBXFileReference; lastKnownFileType = text.plist.xml; path = Info.plist; sourceTree = "<group>"; };
		00E356F21AD99517003FC87E /* ESP8266Tests.m */ = {isa = PBXFileReference; lastKnownFileType = sourcecode.c.objc; path = ESP8266Tests.m; sourceTree = "<group>"; };
		13B07F961A680F5B00A75B9A /* ESP8266.app */ = {isa = PBXFileReference; explicitFileType = wrapper.application; includeInIndex = 0; path = ESP8266.app; sourceTree = BUILT_PRODUCTS_DIR; };
		13B07FAF1A68108700A75B9A /* AppDelegate.h */ = {isa = PBXFileReference; fileEncoding = 4; lastKnownFileType = sourcecode.c.h; name = AppDelegate.h; path = ESP8266/AppDelegate.h; sourceTree = "<group>"; };
		13B07FB01A68108700A75B9A /* AppDelegate.mm */ = {isa = PBXFileReference; fileEncoding = 4; lastKnownFileType = sourcecode.cpp.objcpp; name = AppDelegate.mm; path = ESP8266/AppDelegate.mm; sourceTree = "<group>"; };
		13B07FB51A68108700A75B9A /* Images.xcassets */ = {isa = PBXFileReference; lastKnownFileType = folder.assetcatalog; name = Images.xcassets; path = ESP8266/Images.xcassets; sourceTree = "<group>"; };
		13B07FB61A68108700A75B9A /* Info.plist */ = {isa = PBXFileReference; fileEncoding = 4; lastKnownFileType = text.plist.xml; name = Info.plist; path = ESP8266/Info.plist; sourceTree = "<group>"; };
		13B07FB71A68108700A75B9A /* main.m */ = {isa = PBXFileReference; fileEncoding = 4; lastKnownFileType = sourcecode.c.objc; name = main.m; path = ESP8266/main.m; sourceTree = "<group>"; };
		19F6CBCC0A4E27FBF8BF4A61 /* libPods-ESP8266-ESP8266Tests.a */ = {isa = PBXFileReference; explicitFileType = archive.ar; includeInIndex = 0; path = "libPods-ESP8266-ESP8266Tests.a"; sourceTree = BUILT_PRODUCTS_DIR; };
		3B4392A12AC88292D35C810B /* Pods-ESP8266.debug.xcconfig */ = {isa = PBXFileReference; includeInIndex = 1; lastKnownFileType = text.xcconfig; name = "Pods-ESP8266.debug.xcconfig"; path = "Target Support Files/Pods-ESP8266/Pods-ESP8266.debug.xcconfig"; sourceTree = "<group>"; };
		5709B34CF0A7D63546082F79 /* Pods-ESP8266.release.xcconfig */ = {isa = PBXFileReference; includeInIndex = 1; lastKnownFileType = text.xcconfig; name = "Pods-ESP8266.release.xcconfig"; path = "Target Support Files/Pods-ESP8266/Pods-ESP8266.release.xcconfig"; sourceTree = "<group>"; };
		5B7EB9410499542E8C5724F5 /* Pods-ESP8266-ESP8266Tests.debug.xcconfig */ = {isa = PBXFileReference; includeInIndex = 1; lastKnownFileType = text.xcconfig; name = "Pods-ESP8266-ESP8266Tests.debug.xcconfig"; path = "Target Support Files/Pods-ESP8266-ESP8266Tests/Pods-ESP8266-ESP8266Tests.debug.xcconfig"; sourceTree = "<group>"; };
		5DCACB8F33CDC322A6C60F78 /* libPods-ESP8266.a */ = {isa = PBXFileReference; explicitFileType = archive.ar; includeInIndex = 0; path = "libPods-ESP8266.a"; sourceTree = BUILT_PRODUCTS_DIR; };
		81AB9BB72411601600AC10FF /* LaunchScreen.storyboard */ = {isa = PBXFileReference; fileEncoding = 4; lastKnownFileType = file.storyboard; name = LaunchScreen.storyboard; path = ESP8266/LaunchScreen.storyboard; sourceTree = "<group>"; };
		89C6BE57DB24E9ADA2F236DE /* Pods-ESP8266-ESP8266Tests.release.xcconfig */ = {isa = PBXFileReference; includeInIndex = 1; lastKnownFileType = text.xcconfig; name = "Pods-ESP8266-ESP8266Tests.release.xcconfig"; path = "Target Support Files/Pods-ESP8266-ESP8266Tests/Pods-ESP8266-ESP8266Tests.release.xcconfig"; sourceTree = "<group>"; };
		ED297162215061F000B7C4FE /* JavaScriptCore.framework */ = {isa = PBXFileReference; lastKnownFileType = wrapper.framework; name = JavaScriptCore.framework; path = System/Library/Frameworks/JavaScriptCore.framework; sourceTree = SDKROOT; };
		044980A8D9C7439987C3F143 /* SVN-Gilroy Black Italic.otf */ = {isa = PBXFileReference; name = "SVN-Gilroy Black Italic.otf"; path = "../assets/fonts/SVN-Gilroy/SVN-Gilroy Black Italic.otf"; sourceTree = "<group>"; fileEncoding = undefined; lastKnownFileType = unknown; explicitFileType = undefined; includeInIndex = 0; };
		5B772384D26A4CB8865B4214 /* SVN-Gilroy Black.otf */ = {isa = PBXFileReference; name = "SVN-Gilroy Black.otf"; path = "../assets/fonts/SVN-Gilroy/SVN-Gilroy Black.otf"; sourceTree = "<group>"; fileEncoding = undefined; lastKnownFileType = unknown; explicitFileType = undefined; includeInIndex = 0; };
		0CF5F43D6E074DD5AFA5A760 /* SVN-Gilroy Bold Italic.otf */ = {isa = PBXFileReference; name = "SVN-Gilroy Bold Italic.otf"; path = "../assets/fonts/SVN-Gilroy/SVN-Gilroy Bold Italic.otf"; sourceTree = "<group>"; fileEncoding = undefined; lastKnownFileType = unknown; explicitFileType = undefined; includeInIndex = 0; };
		225492F5F8F541EC84B432AA /* SVN-Gilroy Bold.otf */ = {isa = PBXFileReference; name = "SVN-Gilroy Bold.otf"; path = "../assets/fonts/SVN-Gilroy/SVN-Gilroy Bold.otf"; sourceTree = "<group>"; fileEncoding = undefined; lastKnownFileType = unknown; explicitFileType = undefined; includeInIndex = 0; };
		41EC147150474867B72E94C7 /* SVN-Gilroy Heavy Italic.otf */ = {isa = PBXFileReference; name = "SVN-Gilroy Heavy Italic.otf"; path = "../assets/fonts/SVN-Gilroy/SVN-Gilroy Heavy Italic.otf"; sourceTree = "<group>"; fileEncoding = undefined; lastKnownFileType = unknown; explicitFileType = undefined; includeInIndex = 0; };
		73B7A8A7245342B1B6EC2BF8 /* SVN-Gilroy Heavy.otf */ = {isa = PBXFileReference; name = "SVN-Gilroy Heavy.otf"; path = "../assets/fonts/SVN-Gilroy/SVN-Gilroy Heavy.otf"; sourceTree = "<group>"; fileEncoding = undefined; lastKnownFileType = unknown; explicitFileType = undefined; includeInIndex = 0; };
		D59E5264732B49D4BE598C9A /* SVN-Gilroy Italic.otf */ = {isa = PBXFileReference; name = "SVN-Gilroy Italic.otf"; path = "../assets/fonts/SVN-Gilroy/SVN-Gilroy Italic.otf"; sourceTree = "<group>"; fileEncoding = undefined; lastKnownFileType = unknown; explicitFileType = undefined; includeInIndex = 0; };
		C9042E59B801449A97686A0B /* SVN-Gilroy Light Italic.otf */ = {isa = PBXFileReference; name = "SVN-Gilroy Light Italic.otf"; path = "../assets/fonts/SVN-Gilroy/SVN-Gilroy Light Italic.otf"; sourceTree = "<group>"; fileEncoding = undefined; lastKnownFileType = unknown; explicitFileType = undefined; includeInIndex = 0; };
		F909D9F0BADA4ACEA7A3C488 /* SVN-Gilroy Light.otf */ = {isa = PBXFileReference; name = "SVN-Gilroy Light.otf"; path = "../assets/fonts/SVN-Gilroy/SVN-Gilroy Light.otf"; sourceTree = "<group>"; fileEncoding = undefined; lastKnownFileType = unknown; explicitFileType = undefined; includeInIndex = 0; };
		D563FC374D96413B936D9A19 /* SVN-Gilroy Medium Italic.otf */ = {isa = PBXFileReference; name = "SVN-Gilroy Medium Italic.otf"; path = "../assets/fonts/SVN-Gilroy/SVN-Gilroy Medium Italic.otf"; sourceTree = "<group>"; fileEncoding = undefined; lastKnownFileType = unknown; explicitFileType = undefined; includeInIndex = 0; };
		C6809BC7690C4458A69F8DAB /* SVN-Gilroy Medium.otf */ = {isa = PBXFileReference; name = "SVN-Gilroy Medium.otf"; path = "../assets/fonts/SVN-Gilroy/SVN-Gilroy Medium.otf"; sourceTree = "<group>"; fileEncoding = undefined; lastKnownFileType = unknown; explicitFileType = undefined; includeInIndex = 0; };
		48614CC53D114CB98CA5D9C6 /* SVN-Gilroy Regular.otf */ = {isa = PBXFileReference; name = "SVN-Gilroy Regular.otf"; path = "../assets/fonts/SVN-Gilroy/SVN-Gilroy Regular.otf"; sourceTree = "<group>"; fileEncoding = undefined; lastKnownFileType = unknown; explicitFileType = undefined; includeInIndex = 0; };
		19CA850F75CE4E17BBDBA023 /* SVN-Gilroy SemiBold Italic.otf */ = {isa = PBXFileReference; name = "SVN-Gilroy SemiBold Italic.otf"; path = "../assets/fonts/SVN-Gilroy/SVN-Gilroy SemiBold Italic.otf"; sourceTree = "<group>"; fileEncoding = undefined; lastKnownFileType = unknown; explicitFileType = undefined; includeInIndex = 0; };
		533A63601C1648C5A372EE91 /* SVN-Gilroy SemiBold.otf */ = {isa = PBXFileReference; name = "SVN-Gilroy SemiBold.otf"; path = "../assets/fonts/SVN-Gilroy/SVN-Gilroy SemiBold.otf"; sourceTree = "<group>"; fileEncoding = undefined; lastKnownFileType = unknown; explicitFileType = undefined; includeInIndex = 0; };
		8F280B0943914159B8283D81 /* SVN-Gilroy Thin Italic.otf */ = {isa = PBXFileReference; name = "SVN-Gilroy Thin Italic.otf"; path = "../assets/fonts/SVN-Gilroy/SVN-Gilroy Thin Italic.otf"; sourceTree = "<group>"; fileEncoding = undefined; lastKnownFileType = unknown; explicitFileType = undefined; includeInIndex = 0; };
		26DCD90B8FA5498080B37A38 /* SVN-Gilroy Thin.otf */ = {isa = PBXFileReference; name = "SVN-Gilroy Thin.otf"; path = "../assets/fonts/SVN-Gilroy/SVN-Gilroy Thin.otf"; sourceTree = "<group>"; fileEncoding = undefined; lastKnownFileType = unknown; explicitFileType = undefined; includeInIndex = 0; };
		457C5B96B05A467A93CA275E /* SVN-Gilroy XBold Italic.otf */ = {isa = PBXFileReference; name = "SVN-Gilroy XBold Italic.otf"; path = "../assets/fonts/SVN-Gilroy/SVN-Gilroy XBold Italic.otf"; sourceTree = "<group>"; fileEncoding = undefined; lastKnownFileType = unknown; explicitFileType = undefined; includeInIndex = 0; };
		BBF685D426494D7F9DD13A13 /* SVN-Gilroy XBold.otf */ = {isa = PBXFileReference; name = "SVN-Gilroy XBold.otf"; path = "../assets/fonts/SVN-Gilroy/SVN-Gilroy XBold.otf"; sourceTree = "<group>"; fileEncoding = undefined; lastKnownFileType = unknown; explicitFileType = undefined; includeInIndex = 0; };
		DD53B3E9A0054D41BA57C081 /* SVN-Gilroy Xlight Italic.otf */ = {isa = PBXFileReference; name = "SVN-Gilroy Xlight Italic.otf"; path = "../assets/fonts/SVN-Gilroy/SVN-Gilroy Xlight Italic.otf"; sourceTree = "<group>"; fileEncoding = undefined; lastKnownFileType = unknown; explicitFileType = undefined; includeInIndex = 0; };
		D68265B2520B4A1D91D6EB6F /* SVN-Gilroy Xlight.otf */ = {isa = PBXFileReference; name = "SVN-Gilroy Xlight.otf"; path = "../assets/fonts/SVN-Gilroy/SVN-Gilroy Xlight.otf"; sourceTree = "<group>"; fileEncoding = undefined; lastKnownFileType = unknown; explicitFileType = undefined; includeInIndex = 0; };
		61F104F064764547A0220D41 /* SVN-Gilroy Black Italic.eot */ = {isa = PBXFileReference; name = "SVN-Gilroy Black Italic.eot"; path = "../assets/fonts/SVN-Gilroy/SVN-Gilroy Black Italic.eot"; sourceTree = "<group>"; fileEncoding = undefined; lastKnownFileType = unknown; explicitFileType = undefined; includeInIndex = 0; };
		817DB75A04184CF1A830E8B7 /* SVN-Gilroy Black Italic.woff */ = {isa = PBXFileReference; name = "SVN-Gilroy Black Italic.woff"; path = "../assets/fonts/SVN-Gilroy/SVN-Gilroy Black Italic.woff"; sourceTree = "<group>"; fileEncoding = undefined; lastKnownFileType = unknown; explicitFileType = undefined; includeInIndex = 0; };
		9098D1E421EE45F496672984 /* SVN-Gilroy Black.eot */ = {isa = PBXFileReference; name = "SVN-Gilroy Black.eot"; path = "../assets/fonts/SVN-Gilroy/SVN-Gilroy Black.eot"; sourceTree = "<group>"; fileEncoding = undefined; lastKnownFileType = unknown; explicitFileType = undefined; includeInIndex = 0; };
		323FF646224D485E924FE911 /* SVN-Gilroy Black.woff */ = {isa = PBXFileReference; name = "SVN-Gilroy Black.woff"; path = "../assets/fonts/SVN-Gilroy/SVN-Gilroy Black.woff"; sourceTree = "<group>"; fileEncoding = undefined; lastKnownFileType = unknown; explicitFileType = undefined; includeInIndex = 0; };
		99024BA3A8E64AD2B66E84C7 /* SVN-Gilroy Bold Italic.eot */ = {isa = PBXFileReference; name = "SVN-Gilroy Bold Italic.eot"; path = "../assets/fonts/SVN-Gilroy/SVN-Gilroy Bold Italic.eot"; sourceTree = "<group>"; fileEncoding = undefined; lastKnownFileType = unknown; explicitFileType = undefined; includeInIndex = 0; };
		9A32517438C34DCB9A7784C3 /* SVN-Gilroy Bold Italic.woff */ = {isa = PBXFileReference; name = "SVN-Gilroy Bold Italic.woff"; path = "../assets/fonts/SVN-Gilroy/SVN-Gilroy Bold Italic.woff"; sourceTree = "<group>"; fileEncoding = undefined; lastKnownFileType = unknown; explicitFileType = undefined; includeInIndex = 0; };
		3F73F8F2AC9E4EA69525C4DF /* SVN-Gilroy Bold.eot */ = {isa = PBXFileReference; name = "SVN-Gilroy Bold.eot"; path = "../assets/fonts/SVN-Gilroy/SVN-Gilroy Bold.eot"; sourceTree = "<group>"; fileEncoding = undefined; lastKnownFileType = unknown; explicitFileType = undefined; includeInIndex = 0; };
		8C5837A728FB431F99679383 /* SVN-Gilroy Bold.woff */ = {isa = PBXFileReference; name = "SVN-Gilroy Bold.woff"; path = "../assets/fonts/SVN-Gilroy/SVN-Gilroy Bold.woff"; sourceTree = "<group>"; fileEncoding = undefined; lastKnownFileType = unknown; explicitFileType = undefined; includeInIndex = 0; };
		520F60A6405843BC92EF10BE /* SVN-Gilroy Heavy Italic.eot */ = {isa = PBXFileReference; name = "SVN-Gilroy Heavy Italic.eot"; path = "../assets/fonts/SVN-Gilroy/SVN-Gilroy Heavy Italic.eot"; sourceTree = "<group>"; fileEncoding = undefined; lastKnownFileType = unknown; explicitFileType = undefined; includeInIndex = 0; };
		CD47B426A27D4DB8967CFD9C /* SVN-Gilroy Heavy Italic.woff */ = {isa = PBXFileReference; name = "SVN-Gilroy Heavy Italic.woff"; path = "../assets/fonts/SVN-Gilroy/SVN-Gilroy Heavy Italic.woff"; sourceTree = "<group>"; fileEncoding = undefined; lastKnownFileType = unknown; explicitFileType = undefined; includeInIndex = 0; };
		51E22B2D0E12489D9FF14355 /* SVN-Gilroy Heavy.eot */ = {isa = PBXFileReference; name = "SVN-Gilroy Heavy.eot"; path = "../assets/fonts/SVN-Gilroy/SVN-Gilroy Heavy.eot"; sourceTree = "<group>"; fileEncoding = undefined; lastKnownFileType = unknown; explicitFileType = undefined; includeInIndex = 0; };
		9433B01A37B6423B931C626B /* SVN-Gilroy Heavy.woff */ = {isa = PBXFileReference; name = "SVN-Gilroy Heavy.woff"; path = "../assets/fonts/SVN-Gilroy/SVN-Gilroy Heavy.woff"; sourceTree = "<group>"; fileEncoding = undefined; lastKnownFileType = unknown; explicitFileType = undefined; includeInIndex = 0; };
		AC6778EF8D2244BA94A309C8 /* SVN-Gilroy Italic.eot */ = {isa = PBXFileReference; name = "SVN-Gilroy Italic.eot"; path = "../assets/fonts/SVN-Gilroy/SVN-Gilroy Italic.eot"; sourceTree = "<group>"; fileEncoding = undefined; lastKnownFileType = unknown; explicitFileType = undefined; includeInIndex = 0; };
		17B7D2D12E654070B9A50C91 /* SVN-Gilroy Italic.woff */ = {isa = PBXFileReference; name = "SVN-Gilroy Italic.woff"; path = "../assets/fonts/SVN-Gilroy/SVN-Gilroy Italic.woff"; sourceTree = "<group>"; fileEncoding = undefined; lastKnownFileType = unknown; explicitFileType = undefined; includeInIndex = 0; };
		2152CE81EFE24D56BF4EFD4F /* SVN-Gilroy Light Italic.eot */ = {isa = PBXFileReference; name = "SVN-Gilroy Light Italic.eot"; path = "../assets/fonts/SVN-Gilroy/SVN-Gilroy Light Italic.eot"; sourceTree = "<group>"; fileEncoding = undefined; lastKnownFileType = unknown; explicitFileType = undefined; includeInIndex = 0; };
		6DCBE290BAD5481BADA9007D /* SVN-Gilroy Light Italic.woff */ = {isa = PBXFileReference; name = "SVN-Gilroy Light Italic.woff"; path = "../assets/fonts/SVN-Gilroy/SVN-Gilroy Light Italic.woff"; sourceTree = "<group>"; fileEncoding = undefined; lastKnownFileType = unknown; explicitFileType = undefined; includeInIndex = 0; };
		C985BE57B64B4B3CB1F0C59A /* SVN-Gilroy Light.eot */ = {isa = PBXFileReference; name = "SVN-Gilroy Light.eot"; path = "../assets/fonts/SVN-Gilroy/SVN-Gilroy Light.eot"; sourceTree = "<group>"; fileEncoding = undefined; lastKnownFileType = unknown; explicitFileType = undefined; includeInIndex = 0; };
		D2D5F41EA06F4595A1EBD367 /* SVN-Gilroy Light.woff */ = {isa = PBXFileReference; name = "SVN-Gilroy Light.woff"; path = "../assets/fonts/SVN-Gilroy/SVN-Gilroy Light.woff"; sourceTree = "<group>"; fileEncoding = undefined; lastKnownFileType = unknown; explicitFileType = undefined; includeInIndex = 0; };
		E733923CC74947A387169AFB /* SVN-Gilroy Medium Italic.eot */ = {isa = PBXFileReference; name = "SVN-Gilroy Medium Italic.eot"; path = "../assets/fonts/SVN-Gilroy/SVN-Gilroy Medium Italic.eot"; sourceTree = "<group>"; fileEncoding = undefined; lastKnownFileType = unknown; explicitFileType = undefined; includeInIndex = 0; };
		5630A4AD471344A29EAD9701 /* SVN-Gilroy Medium Italic.woff */ = {isa = PBXFileReference; name = "SVN-Gilroy Medium Italic.woff"; path = "../assets/fonts/SVN-Gilroy/SVN-Gilroy Medium Italic.woff"; sourceTree = "<group>"; fileEncoding = undefined; lastKnownFileType = unknown; explicitFileType = undefined; includeInIndex = 0; };
		3AC5086C5D4B4C059A3BD853 /* SVN-Gilroy Medium.eot */ = {isa = PBXFileReference; name = "SVN-Gilroy Medium.eot"; path = "../assets/fonts/SVN-Gilroy/SVN-Gilroy Medium.eot"; sourceTree = "<group>"; fileEncoding = undefined; lastKnownFileType = unknown; explicitFileType = undefined; includeInIndex = 0; };
		B00677CE03E848A1B17A3023 /* SVN-Gilroy Medium.woff */ = {isa = PBXFileReference; name = "SVN-Gilroy Medium.woff"; path = "../assets/fonts/SVN-Gilroy/SVN-Gilroy Medium.woff"; sourceTree = "<group>"; fileEncoding = undefined; lastKnownFileType = unknown; explicitFileType = undefined; includeInIndex = 0; };
		1FFCF77FA9184A88920D6159 /* SVN-Gilroy Regular.eot */ = {isa = PBXFileReference; name = "SVN-Gilroy Regular.eot"; path = "../assets/fonts/SVN-Gilroy/SVN-Gilroy Regular.eot"; sourceTree = "<group>"; fileEncoding = undefined; lastKnownFileType = unknown; explicitFileType = undefined; includeInIndex = 0; };
		2945262BAC6A41AB82296CEF /* SVN-Gilroy Regular.woff */ = {isa = PBXFileReference; name = "SVN-Gilroy Regular.woff"; path = "../assets/fonts/SVN-Gilroy/SVN-Gilroy Regular.woff"; sourceTree = "<group>"; fileEncoding = undefined; lastKnownFileType = unknown; explicitFileType = undefined; includeInIndex = 0; };
		B4EC3FAAB5914F8BA77C9448 /* SVN-Gilroy SemiBold Italic.eot */ = {isa = PBXFileReference; name = "SVN-Gilroy SemiBold Italic.eot"; path = "../assets/fonts/SVN-Gilroy/SVN-Gilroy SemiBold Italic.eot"; sourceTree = "<group>"; fileEncoding = undefined; lastKnownFileType = unknown; explicitFileType = undefined; includeInIndex = 0; };
		35BEA5A1A83B4A619D294320 /* SVN-Gilroy SemiBold Italic.woff */ = {isa = PBXFileReference; name = "SVN-Gilroy SemiBold Italic.woff"; path = "../assets/fonts/SVN-Gilroy/SVN-Gilroy SemiBold Italic.woff"; sourceTree = "<group>"; fileEncoding = undefined; lastKnownFileType = unknown; explicitFileType = undefined; includeInIndex = 0; };
		0482BE15E08049FCA6F291B4 /* SVN-Gilroy SemiBold.eot */ = {isa = PBXFileReference; name = "SVN-Gilroy SemiBold.eot"; path = "../assets/fonts/SVN-Gilroy/SVN-Gilroy SemiBold.eot"; sourceTree = "<group>"; fileEncoding = undefined; lastKnownFileType = unknown; explicitFileType = undefined; includeInIndex = 0; };
		4B788D408B7F483E97085C12 /* SVN-Gilroy SemiBold.woff */ = {isa = PBXFileReference; name = "SVN-Gilroy SemiBold.woff"; path = "../assets/fonts/SVN-Gilroy/SVN-Gilroy SemiBold.woff"; sourceTree = "<group>"; fileEncoding = undefined; lastKnownFileType = unknown; explicitFileType = undefined; includeInIndex = 0; };
		FDCB812C5C704619B76B9421 /* SVN-Gilroy Thin Italic.eot */ = {isa = PBXFileReference; name = "SVN-Gilroy Thin Italic.eot"; path = "../assets/fonts/SVN-Gilroy/SVN-Gilroy Thin Italic.eot"; sourceTree = "<group>"; fileEncoding = undefined; lastKnownFileType = unknown; explicitFileType = undefined; includeInIndex = 0; };
		DC3593F9ED4A4332B8594D3A /* SVN-Gilroy Thin Italic.woff */ = {isa = PBXFileReference; name = "SVN-Gilroy Thin Italic.woff"; path = "../assets/fonts/SVN-Gilroy/SVN-Gilroy Thin Italic.woff"; sourceTree = "<group>"; fileEncoding = undefined; lastKnownFileType = unknown; explicitFileType = undefined; includeInIndex = 0; };
		A81B23F01C2C4FCE80E90521 /* SVN-Gilroy Thin.eot */ = {isa = PBXFileReference; name = "SVN-Gilroy Thin.eot"; path = "../assets/fonts/SVN-Gilroy/SVN-Gilroy Thin.eot"; sourceTree = "<group>"; fileEncoding = undefined; lastKnownFileType = unknown; explicitFileType = undefined; includeInIndex = 0; };
		609BDFEE70C4438FAB6CEE2D /* SVN-Gilroy Thin.woff */ = {isa = PBXFileReference; name = "SVN-Gilroy Thin.woff"; path = "../assets/fonts/SVN-Gilroy/SVN-Gilroy Thin.woff"; sourceTree = "<group>"; fileEncoding = undefined; lastKnownFileType = unknown; explicitFileType = undefined; includeInIndex = 0; };
		9214305FB5F049F8A7AC3DCE /* SVN-Gilroy XBold Italic.eot */ = {isa = PBXFileReference; name = "SVN-Gilroy XBold Italic.eot"; path = "../assets/fonts/SVN-Gilroy/SVN-Gilroy XBold Italic.eot"; sourceTree = "<group>"; fileEncoding = undefined; lastKnownFileType = unknown; explicitFileType = undefined; includeInIndex = 0; };
		0C5852BE9214462695A2730E /* SVN-Gilroy XBold Italic.woff */ = {isa = PBXFileReference; name = "SVN-Gilroy XBold Italic.woff"; path = "../assets/fonts/SVN-Gilroy/SVN-Gilroy XBold Italic.woff"; sourceTree = "<group>"; fileEncoding = undefined; lastKnownFileType = unknown; explicitFileType = undefined; includeInIndex = 0; };
		F7668BF8D49F4D4281257692 /* SVN-Gilroy XBold.eot */ = {isa = PBXFileReference; name = "SVN-Gilroy XBold.eot"; path = "../assets/fonts/SVN-Gilroy/SVN-Gilroy XBold.eot"; sourceTree = "<group>"; fileEncoding = undefined; lastKnownFileType = unknown; explicitFileType = undefined; includeInIndex = 0; };
		A31C9BC69B87473BA80E9942 /* SVN-Gilroy XBold.woff */ = {isa = PBXFileReference; name = "SVN-Gilroy XBold.woff"; path = "../assets/fonts/SVN-Gilroy/SVN-Gilroy XBold.woff"; sourceTree = "<group>"; fileEncoding = undefined; lastKnownFileType = unknown; explicitFileType = undefined; includeInIndex = 0; };
		A7FE88F9384D401DAF275DD0 /* SVN-Gilroy Xlight Italic.eot */ = {isa = PBXFileReference; name = "SVN-Gilroy Xlight Italic.eot"; path = "../assets/fonts/SVN-Gilroy/SVN-Gilroy Xlight Italic.eot"; sourceTree = "<group>"; fileEncoding = undefined; lastKnownFileType = unknown; explicitFileType = undefined; includeInIndex = 0; };
		C7B1AAE3A1AB497ABE636813 /* SVN-Gilroy Xlight Italic.woff */ = {isa = PBXFileReference; name = "SVN-Gilroy Xlight Italic.woff"; path = "../assets/fonts/SVN-Gilroy/SVN-Gilroy Xlight Italic.woff"; sourceTree = "<group>"; fileEncoding = undefined; lastKnownFileType = unknown; explicitFileType = undefined; includeInIndex = 0; };
		A6954346335E4CEBA16E5F9F /* SVN-Gilroy Xlight.eot */ = {isa = PBXFileReference; name = "SVN-Gilroy Xlight.eot"; path = "../assets/fonts/SVN-Gilroy/SVN-Gilroy Xlight.eot"; sourceTree = "<group>"; fileEncoding = undefined; lastKnownFileType = unknown; explicitFileType = undefined; includeInIndex = 0; };
		BB2FA069A10F4507839AFE67 /* SVN-Gilroy Xlight.woff */ = {isa = PBXFileReference; name = "SVN-Gilroy Xlight.woff"; path = "../assets/fonts/SVN-Gilroy/SVN-Gilroy Xlight.woff"; sourceTree = "<group>"; fileEncoding = undefined; lastKnownFileType = unknown; explicitFileType = undefined; includeInIndex = 0; };
/* End PBXFileReference section */

/* Begin PBXFrameworksBuildPhase section */
		00E356EB1AD99517003FC87E /* Frameworks */ = {
			isa = PBXFrameworksBuildPhase;
			buildActionMask = 2147483647;
			files = (
				7699B88040F8A987B510C191 /* libPods-ESP8266-ESP8266Tests.a in Frameworks */,
			);
			runOnlyForDeploymentPostprocessing = 0;
		};
		13B07F8C1A680F5B00A75B9A /* Frameworks */ = {
			isa = PBXFrameworksBuildPhase;
			buildActionMask = 2147483647;
			files = (
				0C80B921A6F3F58F76C31292 /* libPods-ESP8266.a in Frameworks */,
			);
			runOnlyForDeploymentPostprocessing = 0;
		};
/* End PBXFrameworksBuildPhase section */

/* Begin PBXGroup section */
		00E356EF1AD99517003FC87E /* ESP8266Tests */ = {
			isa = PBXGroup;
			children = (
				00E356F21AD99517003FC87E /* ESP8266Tests.m */,
				00E356F01AD99517003FC87E /* Supporting Files */,
			);
			path = ESP8266Tests;
			sourceTree = "<group>";
		};
		00E356F01AD99517003FC87E /* Supporting Files */ = {
			isa = PBXGroup;
			children = (
				00E356F11AD99517003FC87E /* Info.plist */,
			);
			name = "Supporting Files";
			sourceTree = "<group>";
		};
		13B07FAE1A68108700A75B9A /* ESP8266 */ = {
			isa = PBXGroup;
			children = (
				13B07FAF1A68108700A75B9A /* AppDelegate.h */,
				13B07FB01A68108700A75B9A /* AppDelegate.mm */,
				13B07FB51A68108700A75B9A /* Images.xcassets */,
				13B07FB61A68108700A75B9A /* Info.plist */,
				81AB9BB72411601600AC10FF /* LaunchScreen.storyboard */,
				13B07FB71A68108700A75B9A /* main.m */,
			);
			name = ESP8266;
			sourceTree = "<group>";
		};
		2D16E6871FA4F8E400B85C8A /* Frameworks */ = {
			isa = PBXGroup;
			children = (
				ED297162215061F000B7C4FE /* JavaScriptCore.framework */,
				5DCACB8F33CDC322A6C60F78 /* libPods-ESP8266.a */,
				19F6CBCC0A4E27FBF8BF4A61 /* libPods-ESP8266-ESP8266Tests.a */,
			);
			name = Frameworks;
			sourceTree = "<group>";
		};
		832341AE1AAA6A7D00B99B32 /* Libraries */ = {
			isa = PBXGroup;
			children = (
			);
			name = Libraries;
			sourceTree = "<group>";
		};
		83CBB9F61A601CBA00E9B192 = {
			isa = PBXGroup;
			children = (
				13B07FAE1A68108700A75B9A /* ESP8266 */,
				832341AE1AAA6A7D00B99B32 /* Libraries */,
				00E356EF1AD99517003FC87E /* ESP8266Tests */,
				83CBBA001A601CBA00E9B192 /* Products */,
				2D16E6871FA4F8E400B85C8A /* Frameworks */,
				BBD78D7AC51CEA395F1C20DB /* Pods */,
				301F1055830E4C13B119F9A8 /* Resources */,
			);
			indentWidth = 2;
			sourceTree = "<group>";
			tabWidth = 2;
			usesTabs = 0;
		};
		83CBBA001A601CBA00E9B192 /* Products */ = {
			isa = PBXGroup;
			children = (
				13B07F961A680F5B00A75B9A /* ESP8266.app */,
				00E356EE1AD99517003FC87E /* ESP8266Tests.xctest */,
			);
			name = Products;
			sourceTree = "<group>";
		};
		BBD78D7AC51CEA395F1C20DB /* Pods */ = {
			isa = PBXGroup;
			children = (
				3B4392A12AC88292D35C810B /* Pods-ESP8266.debug.xcconfig */,
				5709B34CF0A7D63546082F79 /* Pods-ESP8266.release.xcconfig */,
				5B7EB9410499542E8C5724F5 /* Pods-ESP8266-ESP8266Tests.debug.xcconfig */,
				89C6BE57DB24E9ADA2F236DE /* Pods-ESP8266-ESP8266Tests.release.xcconfig */,
			);
			path = Pods;
			sourceTree = "<group>";
		};
		301F1055830E4C13B119F9A8 /* Resources */ = {
			isa = "PBXGroup";
			children = (
				044980A8D9C7439987C3F143 /* SVN-Gilroy Black Italic.otf */,
				5B772384D26A4CB8865B4214 /* SVN-Gilroy Black.otf */,
				0CF5F43D6E074DD5AFA5A760 /* SVN-Gilroy Bold Italic.otf */,
				225492F5F8F541EC84B432AA /* SVN-Gilroy Bold.otf */,
				41EC147150474867B72E94C7 /* SVN-Gilroy Heavy Italic.otf */,
				73B7A8A7245342B1B6EC2BF8 /* SVN-Gilroy Heavy.otf */,
				D59E5264732B49D4BE598C9A /* SVN-Gilroy Italic.otf */,
				C9042E59B801449A97686A0B /* SVN-Gilroy Light Italic.otf */,
				F909D9F0BADA4ACEA7A3C488 /* SVN-Gilroy Light.otf */,
				D563FC374D96413B936D9A19 /* SVN-Gilroy Medium Italic.otf */,
				C6809BC7690C4458A69F8DAB /* SVN-Gilroy Medium.otf */,
				48614CC53D114CB98CA5D9C6 /* SVN-Gilroy Regular.otf */,
				19CA850F75CE4E17BBDBA023 /* SVN-Gilroy SemiBold Italic.otf */,
				533A63601C1648C5A372EE91 /* SVN-Gilroy SemiBold.otf */,
				8F280B0943914159B8283D81 /* SVN-Gilroy Thin Italic.otf */,
				26DCD90B8FA5498080B37A38 /* SVN-Gilroy Thin.otf */,
				457C5B96B05A467A93CA275E /* SVN-Gilroy XBold Italic.otf */,
				BBF685D426494D7F9DD13A13 /* SVN-Gilroy XBold.otf */,
				DD53B3E9A0054D41BA57C081 /* SVN-Gilroy Xlight Italic.otf */,
				D68265B2520B4A1D91D6EB6F /* SVN-Gilroy Xlight.otf */,
				61F104F064764547A0220D41 /* SVN-Gilroy Black Italic.eot */,
				817DB75A04184CF1A830E8B7 /* SVN-Gilroy Black Italic.woff */,
				9098D1E421EE45F496672984 /* SVN-Gilroy Black.eot */,
				323FF646224D485E924FE911 /* SVN-Gilroy Black.woff */,
				99024BA3A8E64AD2B66E84C7 /* SVN-Gilroy Bold Italic.eot */,
				9A32517438C34DCB9A7784C3 /* SVN-Gilroy Bold Italic.woff */,
				3F73F8F2AC9E4EA69525C4DF /* SVN-Gilroy Bold.eot */,
				8C5837A728FB431F99679383 /* SVN-Gilroy Bold.woff */,
				520F60A6405843BC92EF10BE /* SVN-Gilroy Heavy Italic.eot */,
				CD47B426A27D4DB8967CFD9C /* SVN-Gilroy Heavy Italic.woff */,
				51E22B2D0E12489D9FF14355 /* SVN-Gilroy Heavy.eot */,
				9433B01A37B6423B931C626B /* SVN-Gilroy Heavy.woff */,
				AC6778EF8D2244BA94A309C8 /* SVN-Gilroy Italic.eot */,
				17B7D2D12E654070B9A50C91 /* SVN-Gilroy Italic.woff */,
				2152CE81EFE24D56BF4EFD4F /* SVN-Gilroy Light Italic.eot */,
				6DCBE290BAD5481BADA9007D /* SVN-Gilroy Light Italic.woff */,
				C985BE57B64B4B3CB1F0C59A /* SVN-Gilroy Light.eot */,
				D2D5F41EA06F4595A1EBD367 /* SVN-Gilroy Light.woff */,
				E733923CC74947A387169AFB /* SVN-Gilroy Medium Italic.eot */,
				5630A4AD471344A29EAD9701 /* SVN-Gilroy Medium Italic.woff */,
				3AC5086C5D4B4C059A3BD853 /* SVN-Gilroy Medium.eot */,
				B00677CE03E848A1B17A3023 /* SVN-Gilroy Medium.woff */,
				1FFCF77FA9184A88920D6159 /* SVN-Gilroy Regular.eot */,
				2945262BAC6A41AB82296CEF /* SVN-Gilroy Regular.woff */,
				B4EC3FAAB5914F8BA77C9448 /* SVN-Gilroy SemiBold Italic.eot */,
				35BEA5A1A83B4A619D294320 /* SVN-Gilroy SemiBold Italic.woff */,
				0482BE15E08049FCA6F291B4 /* SVN-Gilroy SemiBold.eot */,
				4B788D408B7F483E97085C12 /* SVN-Gilroy SemiBold.woff */,
				FDCB812C5C704619B76B9421 /* SVN-Gilroy Thin Italic.eot */,
				DC3593F9ED4A4332B8594D3A /* SVN-Gilroy Thin Italic.woff */,
				A81B23F01C2C4FCE80E90521 /* SVN-Gilroy Thin.eot */,
				609BDFEE70C4438FAB6CEE2D /* SVN-Gilroy Thin.woff */,
				9214305FB5F049F8A7AC3DCE /* SVN-Gilroy XBold Italic.eot */,
				0C5852BE9214462695A2730E /* SVN-Gilroy XBold Italic.woff */,
				F7668BF8D49F4D4281257692 /* SVN-Gilroy XBold.eot */,
				A31C9BC69B87473BA80E9942 /* SVN-Gilroy XBold.woff */,
				A7FE88F9384D401DAF275DD0 /* SVN-Gilroy Xlight Italic.eot */,
				C7B1AAE3A1AB497ABE636813 /* SVN-Gilroy Xlight Italic.woff */,
				A6954346335E4CEBA16E5F9F /* SVN-Gilroy Xlight.eot */,
				BB2FA069A10F4507839AFE67 /* SVN-Gilroy Xlight.woff */,
			);
			name = Resources;
			sourceTree = "<group>";
			path = "";
		};
/* End PBXGroup section */

/* Begin PBXNativeTarget section */
		00E356ED1AD99517003FC87E /* ESP8266Tests */ = {
			isa = PBXNativeTarget;
			buildConfigurationList = 00E357021AD99517003FC87E /* Build configuration list for PBXNativeTarget "ESP8266Tests" */;
			buildPhases = (
				A55EABD7B0C7F3A422A6CC61 /* [CP] Check Pods Manifest.lock */,
				00E356EA1AD99517003FC87E /* Sources */,
				00E356EB1AD99517003FC87E /* Frameworks */,
				00E356EC1AD99517003FC87E /* Resources */,
				C59DA0FBD6956966B86A3779 /* [CP] Embed Pods Frameworks */,
				F6A41C54EA430FDDC6A6ED99 /* [CP] Copy Pods Resources */,
			);
			buildRules = (
			);
			dependencies = (
				00E356F51AD99517003FC87E /* PBXTargetDependency */,
			);
			name = ESP8266Tests;
			productName = ESP8266Tests;
			productReference = 00E356EE1AD99517003FC87E /* ESP8266Tests.xctest */;
			productType = "com.apple.product-type.bundle.unit-test";
		};
		13B07F861A680F5B00A75B9A /* ESP8266 */ = {
			isa = PBXNativeTarget;
			buildConfigurationList = 13B07F931A680F5B00A75B9A /* Build configuration list for PBXNativeTarget "ESP8266" */;
			buildPhases = (
				C38B50BA6285516D6DCD4F65 /* [CP] Check Pods Manifest.lock */,
				FD10A7F022414F080027D42C /* Start Packager */,
				13B07F871A680F5B00A75B9A /* Sources */,
				13B07F8C1A680F5B00A75B9A /* Frameworks */,
				13B07F8E1A680F5B00A75B9A /* Resources */,
				00DD1BFF1BD5951E006B06BC /* Bundle React Native code and images */,
				00EEFC60759A1932668264C0 /* [CP] Embed Pods Frameworks */,
				E235C05ADACE081382539298 /* [CP] Copy Pods Resources */,
			);
			buildRules = (
			);
			dependencies = (
			);
			name = ESP8266;
			productName = ESP8266;
			productReference = 13B07F961A680F5B00A75B9A /* ESP8266.app */;
			productType = "com.apple.product-type.application";
		};
/* End PBXNativeTarget section */

/* Begin PBXProject section */
		83CBB9F71A601CBA00E9B192 /* Project object */ = {
			isa = PBXProject;
			attributes = {
				LastUpgradeCheck = 1210;
				TargetAttributes = {
					00E356ED1AD99517003FC87E = {
						CreatedOnToolsVersion = 6.2;
						TestTargetID = 13B07F861A680F5B00A75B9A;
					};
					13B07F861A680F5B00A75B9A = {
						LastSwiftMigration = 1120;
					};
				};
			};
			buildConfigurationList = 83CBB9FA1A601CBA00E9B192 /* Build configuration list for PBXProject "ESP8266" */;
			compatibilityVersion = "Xcode 12.0";
			developmentRegion = en;
			hasScannedForEncodings = 0;
			knownRegions = (
				en,
				Base,
			);
			mainGroup = 83CBB9F61A601CBA00E9B192;
			productRefGroup = 83CBBA001A601CBA00E9B192 /* Products */;
			projectDirPath = "";
			projectRoot = "";
			targets = (
				13B07F861A680F5B00A75B9A /* ESP8266 */,
				00E356ED1AD99517003FC87E /* ESP8266Tests */,
			);
		};
/* End PBXProject section */

/* Begin PBXResourcesBuildPhase section */
		00E356EC1AD99517003FC87E /* Resources */ = {
			isa = PBXResourcesBuildPhase;
			buildActionMask = 2147483647;
			files = (
			);
			runOnlyForDeploymentPostprocessing = 0;
		};
		13B07F8E1A680F5B00A75B9A /* Resources */ = {
			isa = PBXResourcesBuildPhase;
			buildActionMask = 2147483647;
			files = (
				81AB9BB82411601600AC10FF /* LaunchScreen.storyboard in Resources */,
				13B07FBF1A68108700A75B9A /* Images.xcassets in Resources */,
				8FBC98577C074DA88D3DBAC2 /* SVN-Gilroy Black Italic.otf in Resources */,
				4DFBF7E97F6543DDA4F4A5DA /* SVN-Gilroy Black.otf in Resources */,
				AB5DA860E00B48959A1830BA /* SVN-Gilroy Bold Italic.otf in Resources */,
				4603D3F8030F434A9154127C /* SVN-Gilroy Bold.otf in Resources */,
				753ECBACD51F4969809D1F2F /* SVN-Gilroy Heavy Italic.otf in Resources */,
				8151E289E76545338F96DAAE /* SVN-Gilroy Heavy.otf in Resources */,
				7CAB8512B4E54B4580F9E63F /* SVN-Gilroy Italic.otf in Resources */,
				E5D1A25CCBD64175A0FF54B2 /* SVN-Gilroy Light Italic.otf in Resources */,
				0B2617645EFD4BBE8F5BF738 /* SVN-Gilroy Light.otf in Resources */,
				40C8E74A75F946CB98E7E2B0 /* SVN-Gilroy Medium Italic.otf in Resources */,
				ADECF0C94E674228BDD19157 /* SVN-Gilroy Medium.otf in Resources */,
				E2A9F813579B4B1DAE063B21 /* SVN-Gilroy Regular.otf in Resources */,
				D4BB16FC5F5D483B87157701 /* SVN-Gilroy SemiBold Italic.otf in Resources */,
				0F3FDE5E764C4688B6AE7C19 /* SVN-Gilroy SemiBold.otf in Resources */,
				7210E72122E140C8A3621596 /* SVN-Gilroy Thin Italic.otf in Resources */,
				054D2A0789DC4DBDAFD13ACD /* SVN-Gilroy Thin.otf in Resources */,
				D87BF2A1697A4BB295A3C38B /* SVN-Gilroy XBold Italic.otf in Resources */,
				7C6F4F270C974B88A43044C0 /* SVN-Gilroy XBold.otf in Resources */,
				7C63F018FB1240C89FC24FF4 /* SVN-Gilroy Xlight Italic.otf in Resources */,
				A8FCEB4C93D84AD2A97E76AF /* SVN-Gilroy Xlight.otf in Resources */,
				D93F781347B647FC83351B78 /* SVN-Gilroy Black Italic.eot in Resources */,
				1D60A5310B064A64971953B6 /* SVN-Gilroy Black Italic.woff in Resources */,
				C91C0DFA30D842E088CEB7CE /* SVN-Gilroy Black.eot in Resources */,
				955B29ADAEEE43BABA6733B0 /* SVN-Gilroy Black.woff in Resources */,
				E1BAB784E3D143D0B94074BB /* SVN-Gilroy Bold Italic.eot in Resources */,
				FE1312EC6209449EBCC11588 /* SVN-Gilroy Bold Italic.woff in Resources */,
				3341C9E95D274360A204B789 /* SVN-Gilroy Bold.eot in Resources */,
				636DCEE48AC545FC995CC864 /* SVN-Gilroy Bold.woff in Resources */,
				5E539A02ECEC4F54A4FD94E0 /* SVN-Gilroy Heavy Italic.eot in Resources */,
				DE8102BAB4C24795B74FCA78 /* SVN-Gilroy Heavy Italic.woff in Resources */,
				3C26094D276E42BEBEF3C1A2 /* SVN-Gilroy Heavy.eot in Resources */,
				4904384CE73447968EC9DC0A /* SVN-Gilroy Heavy.woff in Resources */,
				A055BDE7083643A9BE17732F /* SVN-Gilroy Italic.eot in Resources */,
				1C6531D9694E4DA7B0D920D1 /* SVN-Gilroy Italic.woff in Resources */,
				E71ECA59C6C043C695B7BF4C /* SVN-Gilroy Light Italic.eot in Resources */,
				FEEC1EFFB65742908C7F06E2 /* SVN-Gilroy Light Italic.woff in Resources */,
				90B887AF706647BDADE25CA0 /* SVN-Gilroy Light.eot in Resources */,
				7AECA09962484A3D829BF67A /* SVN-Gilroy Light.woff in Resources */,
				CF880F89A2454AE698009EBA /* SVN-Gilroy Medium Italic.eot in Resources */,
				EA856120899C4FCCA64AC364 /* SVN-Gilroy Medium Italic.woff in Resources */,
				F540BC105536487295B373B9 /* SVN-Gilroy Medium.eot in Resources */,
				402422E42D444BA5B367D7B0 /* SVN-Gilroy Medium.woff in Resources */,
				F48DDCC787D7484D81FE6466 /* SVN-Gilroy Regular.eot in Resources */,
				A319194BA1CB45749B5393E1 /* SVN-Gilroy Regular.woff in Resources */,
				C3175BA22EA142D5900A8896 /* SVN-Gilroy SemiBold Italic.eot in Resources */,
				ED3D249F22434826A094F6AC /* SVN-Gilroy SemiBold Italic.woff in Resources */,
				04230C8B2BDC4B78A2BFFA28 /* SVN-Gilroy SemiBold.eot in Resources */,
				336411DE14CD4CF3B7E2635C /* SVN-Gilroy SemiBold.woff in Resources */,
				8DF28AF964C440228E6C57BD /* SVN-Gilroy Thin Italic.eot in Resources */,
				4B79C8C42ADB4D969F66C365 /* SVN-Gilroy Thin Italic.woff in Resources */,
				A73CB66F4231455B949BB143 /* SVN-Gilroy Thin.eot in Resources */,
				F61587F8712F4393883B1213 /* SVN-Gilroy Thin.woff in Resources */,
				C698C12DD5874935856C4AFB /* SVN-Gilroy XBold Italic.eot in Resources */,
				451791CC321C43E7AA05AE15 /* SVN-Gilroy XBold Italic.woff in Resources */,
				7F493B0541FE42D68F229D12 /* SVN-Gilroy XBold.eot in Resources */,
				0DD411B59D164F86AFB700B0 /* SVN-Gilroy XBold.woff in Resources */,
				9B16A92090624FD1BDB9DF15 /* SVN-Gilroy Xlight Italic.eot in Resources */,
				D1B3B97B59A54755A45F84A6 /* SVN-Gilroy Xlight Italic.woff in Resources */,
				737550229E5444FC9EDE635E /* SVN-Gilroy Xlight.eot in Resources */,
				A56BBBF08F21419A821257E7 /* SVN-Gilroy Xlight.woff in Resources */,
			);
			runOnlyForDeploymentPostprocessing = 0;
		};
/* End PBXResourcesBuildPhase section */

/* Begin PBXShellScriptBuildPhase section */
		00DD1BFF1BD5951E006B06BC /* Bundle React Native code and images */ = {
			isa = PBXShellScriptBuildPhase;
			buildActionMask = 2147483647;
			files = (
			);
			inputPaths = (
				"$(SRCROOT)/.xcode.env.local",
				"$(SRCROOT)/.xcode.env",
			);
			name = "Bundle React Native code and images";
			outputPaths = (
			);
			runOnlyForDeploymentPostprocessing = 0;
			shellPath = /bin/sh;
			shellScript = "set -e\n\nWITH_ENVIRONMENT=\"../node_modules/react-native/scripts/xcode/with-environment.sh\"\nREACT_NATIVE_XCODE=\"../node_modules/react-native/scripts/react-native-xcode.sh\"\n\n/bin/sh -c \"$WITH_ENVIRONMENT $REACT_NATIVE_XCODE\"\n";
		};
		00EEFC60759A1932668264C0 /* [CP] Embed Pods Frameworks */ = {
			isa = PBXShellScriptBuildPhase;
			buildActionMask = 2147483647;
			files = (
			);
			inputFileListPaths = (
				"${PODS_ROOT}/Target Support Files/Pods-ESP8266/Pods-ESP8266-frameworks-${CONFIGURATION}-input-files.xcfilelist",
			);
			name = "[CP] Embed Pods Frameworks";
			outputFileListPaths = (
				"${PODS_ROOT}/Target Support Files/Pods-ESP8266/Pods-ESP8266-frameworks-${CONFIGURATION}-output-files.xcfilelist",
			);
			runOnlyForDeploymentPostprocessing = 0;
			shellPath = /bin/sh;
			shellScript = "\"${PODS_ROOT}/Target Support Files/Pods-ESP8266/Pods-ESP8266-frameworks.sh\"\n";
			showEnvVarsInLog = 0;
		};
		A55EABD7B0C7F3A422A6CC61 /* [CP] Check Pods Manifest.lock */ = {
			isa = PBXShellScriptBuildPhase;
			buildActionMask = 2147483647;
			files = (
			);
			inputFileListPaths = (
			);
			inputPaths = (
				"${PODS_PODFILE_DIR_PATH}/Podfile.lock",
				"${PODS_ROOT}/Manifest.lock",
			);
			name = "[CP] Check Pods Manifest.lock";
			outputFileListPaths = (
			);
			outputPaths = (
				"$(DERIVED_FILE_DIR)/Pods-ESP8266-ESP8266Tests-checkManifestLockResult.txt",
			);
			runOnlyForDeploymentPostprocessing = 0;
			shellPath = /bin/sh;
			shellScript = "diff \"${PODS_PODFILE_DIR_PATH}/Podfile.lock\" \"${PODS_ROOT}/Manifest.lock\" > /dev/null\nif [ $? != 0 ] ; then\n    # print error to STDERR\n    echo \"error: The sandbox is not in sync with the Podfile.lock. Run 'pod install' or update your CocoaPods installation.\" >&2\n    exit 1\nfi\n# This output is used by Xcode 'outputs' to avoid re-running this script phase.\necho \"SUCCESS\" > \"${SCRIPT_OUTPUT_FILE_0}\"\n";
			showEnvVarsInLog = 0;
		};
		C38B50BA6285516D6DCD4F65 /* [CP] Check Pods Manifest.lock */ = {
			isa = PBXShellScriptBuildPhase;
			buildActionMask = 2147483647;
			files = (
			);
			inputFileListPaths = (
			);
			inputPaths = (
				"${PODS_PODFILE_DIR_PATH}/Podfile.lock",
				"${PODS_ROOT}/Manifest.lock",
			);
			name = "[CP] Check Pods Manifest.lock";
			outputFileListPaths = (
			);
			outputPaths = (
				"$(DERIVED_FILE_DIR)/Pods-ESP8266-checkManifestLockResult.txt",
			);
			runOnlyForDeploymentPostprocessing = 0;
			shellPath = /bin/sh;
			shellScript = "diff \"${PODS_PODFILE_DIR_PATH}/Podfile.lock\" \"${PODS_ROOT}/Manifest.lock\" > /dev/null\nif [ $? != 0 ] ; then\n    # print error to STDERR\n    echo \"error: The sandbox is not in sync with the Podfile.lock. Run 'pod install' or update your CocoaPods installation.\" >&2\n    exit 1\nfi\n# This output is used by Xcode 'outputs' to avoid re-running this script phase.\necho \"SUCCESS\" > \"${SCRIPT_OUTPUT_FILE_0}\"\n";
			showEnvVarsInLog = 0;
		};
		C59DA0FBD6956966B86A3779 /* [CP] Embed Pods Frameworks */ = {
			isa = PBXShellScriptBuildPhase;
			buildActionMask = 2147483647;
			files = (
			);
			inputFileListPaths = (
				"${PODS_ROOT}/Target Support Files/Pods-ESP8266-ESP8266Tests/Pods-ESP8266-ESP8266Tests-frameworks-${CONFIGURATION}-input-files.xcfilelist",
			);
			name = "[CP] Embed Pods Frameworks";
			outputFileListPaths = (
				"${PODS_ROOT}/Target Support Files/Pods-ESP8266-ESP8266Tests/Pods-ESP8266-ESP8266Tests-frameworks-${CONFIGURATION}-output-files.xcfilelist",
			);
			runOnlyForDeploymentPostprocessing = 0;
			shellPath = /bin/sh;
			shellScript = "\"${PODS_ROOT}/Target Support Files/Pods-ESP8266-ESP8266Tests/Pods-ESP8266-ESP8266Tests-frameworks.sh\"\n";
			showEnvVarsInLog = 0;
		};
		E235C05ADACE081382539298 /* [CP] Copy Pods Resources */ = {
			isa = PBXShellScriptBuildPhase;
			buildActionMask = 2147483647;
			files = (
			);
			inputFileListPaths = (
				"${PODS_ROOT}/Target Support Files/Pods-ESP8266/Pods-ESP8266-resources-${CONFIGURATION}-input-files.xcfilelist",
			);
			name = "[CP] Copy Pods Resources";
			outputFileListPaths = (
				"${PODS_ROOT}/Target Support Files/Pods-ESP8266/Pods-ESP8266-resources-${CONFIGURATION}-output-files.xcfilelist",
			);
			runOnlyForDeploymentPostprocessing = 0;
			shellPath = /bin/sh;
			shellScript = "\"${PODS_ROOT}/Target Support Files/Pods-ESP8266/Pods-ESP8266-resources.sh\"\n";
			showEnvVarsInLog = 0;
		};
		F6A41C54EA430FDDC6A6ED99 /* [CP] Copy Pods Resources */ = {
			isa = PBXShellScriptBuildPhase;
			buildActionMask = 2147483647;
			files = (
			);
			inputFileListPaths = (
				"${PODS_ROOT}/Target Support Files/Pods-ESP8266-ESP8266Tests/Pods-ESP8266-ESP8266Tests-resources-${CONFIGURATION}-input-files.xcfilelist",
			);
			name = "[CP] Copy Pods Resources";
			outputFileListPaths = (
				"${PODS_ROOT}/Target Support Files/Pods-ESP8266-ESP8266Tests/Pods-ESP8266-ESP8266Tests-resources-${CONFIGURATION}-output-files.xcfilelist",
			);
			runOnlyForDeploymentPostprocessing = 0;
			shellPath = /bin/sh;
			shellScript = "\"${PODS_ROOT}/Target Support Files/Pods-ESP8266-ESP8266Tests/Pods-ESP8266-ESP8266Tests-resources.sh\"\n";
			showEnvVarsInLog = 0;
		};
		FD10A7F022414F080027D42C /* Start Packager */ = {
			isa = PBXShellScriptBuildPhase;
			buildActionMask = 2147483647;
			files = (
			);
			inputFileListPaths = (
			);
			inputPaths = (
			);
			name = "Start Packager";
			outputFileListPaths = (
			);
			outputPaths = (
			);
			runOnlyForDeploymentPostprocessing = 0;
			shellPath = /bin/sh;
			shellScript = "export RCT_METRO_PORT=\"${RCT_METRO_PORT:=8081}\"\necho \"export RCT_METRO_PORT=${RCT_METRO_PORT}\" > \"${SRCROOT}/../node_modules/react-native/scripts/.packager.env\"\nif [ -z \"${RCT_NO_LAUNCH_PACKAGER+xxx}\" ] ; then\n  if nc -w 5 -z localhost ${RCT_METRO_PORT} ; then\n    if ! curl -s \"http://localhost:${RCT_METRO_PORT}/status\" | grep -q \"packager-status:running\" ; then\n      echo \"Port ${RCT_METRO_PORT} already in use, packager is either not running or not running correctly\"\n      exit 2\n    fi\n  else\n    open \"$SRCROOT/../node_modules/react-native/scripts/launchPackager.command\" || echo \"Can't start packager automatically\"\n  fi\nfi\n";
			showEnvVarsInLog = 0;
		};
/* End PBXShellScriptBuildPhase section */

/* Begin PBXSourcesBuildPhase section */
		00E356EA1AD99517003FC87E /* Sources */ = {
			isa = PBXSourcesBuildPhase;
			buildActionMask = 2147483647;
			files = (
				00E356F31AD99517003FC87E /* ESP8266Tests.m in Sources */,
			);
			runOnlyForDeploymentPostprocessing = 0;
		};
		13B07F871A680F5B00A75B9A /* Sources */ = {
			isa = PBXSourcesBuildPhase;
			buildActionMask = 2147483647;
			files = (
				13B07FBC1A68108700A75B9A /* AppDelegate.mm in Sources */,
				13B07FC11A68108700A75B9A /* main.m in Sources */,
			);
			runOnlyForDeploymentPostprocessing = 0;
		};
/* End PBXSourcesBuildPhase section */

/* Begin PBXTargetDependency section */
		00E356F51AD99517003FC87E /* PBXTargetDependency */ = {
			isa = PBXTargetDependency;
			target = 13B07F861A680F5B00A75B9A /* ESP8266 */;
			targetProxy = 00E356F41AD99517003FC87E /* PBXContainerItemProxy */;
		};
/* End PBXTargetDependency section */

/* Begin XCBuildConfiguration section */
		00E356F61AD99517003FC87E /* Debug */ = {
			isa = XCBuildConfiguration;
			baseConfigurationReference = 5B7EB9410499542E8C5724F5 /* Pods-ESP8266-ESP8266Tests.debug.xcconfig */;
			buildSettings = {
				BUNDLE_LOADER = "$(TEST_HOST)";
				GCC_PREPROCESSOR_DEFINITIONS = (
					"DEBUG=1",
					"$(inherited)",
				);
				INFOPLIST_FILE = ESP8266Tests/Info.plist;
				IPHONEOS_DEPLOYMENT_TARGET = 12.4;
				LD_RUNPATH_SEARCH_PATHS = (
					"$(inherited)",
					"@executable_path/Frameworks",
					"@loader_path/Frameworks",
				);
				OTHER_LDFLAGS = (
					"-ObjC",
					"-lc++",
					"$(inherited)",
				);
				PRODUCT_BUNDLE_IDENTIFIER = "org.reactjs.native.example.$(PRODUCT_NAME:rfc1034identifier)";
				PRODUCT_NAME = "$(TARGET_NAME)";
				TEST_HOST = "$(BUILT_PRODUCTS_DIR)/ESP8266.app/ESP8266";
			};
			name = Debug;
		};
		00E356F71AD99517003FC87E /* Release */ = {
			isa = XCBuildConfiguration;
			baseConfigurationReference = 89C6BE57DB24E9ADA2F236DE /* Pods-ESP8266-ESP8266Tests.release.xcconfig */;
			buildSettings = {
				BUNDLE_LOADER = "$(TEST_HOST)";
				COPY_PHASE_STRIP = NO;
				INFOPLIST_FILE = ESP8266Tests/Info.plist;
				IPHONEOS_DEPLOYMENT_TARGET = 12.4;
				LD_RUNPATH_SEARCH_PATHS = (
					"$(inherited)",
					"@executable_path/Frameworks",
					"@loader_path/Frameworks",
				);
				OTHER_LDFLAGS = (
					"-ObjC",
					"-lc++",
					"$(inherited)",
				);
				PRODUCT_BUNDLE_IDENTIFIER = "org.reactjs.native.example.$(PRODUCT_NAME:rfc1034identifier)";
				PRODUCT_NAME = "$(TARGET_NAME)";
				TEST_HOST = "$(BUILT_PRODUCTS_DIR)/ESP8266.app/ESP8266";
			};
			name = Release;
		};
		13B07F941A680F5B00A75B9A /* Debug */ = {
			isa = XCBuildConfiguration;
			baseConfigurationReference = 3B4392A12AC88292D35C810B /* Pods-ESP8266.debug.xcconfig */;
			buildSettings = {
				ASSETCATALOG_COMPILER_APPICON_NAME = AppIcon;
				CLANG_ENABLE_MODULES = YES;
				CURRENT_PROJECT_VERSION = 1;
				ENABLE_BITCODE = NO;
				INFOPLIST_FILE = ESP8266/Info.plist;
				LD_RUNPATH_SEARCH_PATHS = (
					"$(inherited)",
					"@executable_path/Frameworks",
				);
				MARKETING_VERSION = 1.0;
				OTHER_LDFLAGS = (
					"$(inherited)",
					"-ObjC",
					"-lc++",
				);
				PRODUCT_BUNDLE_IDENTIFIER = "org.reactjs.native.example.$(PRODUCT_NAME:rfc1034identifier)";
				PRODUCT_NAME = ESP8266;
				SWIFT_OPTIMIZATION_LEVEL = "-Onone";
				SWIFT_VERSION = 5.0;
				VERSIONING_SYSTEM = "apple-generic";
			};
			name = Debug;
		};
		13B07F951A680F5B00A75B9A /* Release */ = {
			isa = XCBuildConfiguration;
			baseConfigurationReference = 5709B34CF0A7D63546082F79 /* Pods-ESP8266.release.xcconfig */;
			buildSettings = {
				ASSETCATALOG_COMPILER_APPICON_NAME = AppIcon;
				CLANG_ENABLE_MODULES = YES;
				CURRENT_PROJECT_VERSION = 1;
				INFOPLIST_FILE = ESP8266/Info.plist;
				LD_RUNPATH_SEARCH_PATHS = (
					"$(inherited)",
					"@executable_path/Frameworks",
				);
				MARKETING_VERSION = 1.0;
				OTHER_LDFLAGS = (
					"$(inherited)",
					"-ObjC",
					"-lc++",
				);
				PRODUCT_BUNDLE_IDENTIFIER = "org.reactjs.native.example.$(PRODUCT_NAME:rfc1034identifier)";
				PRODUCT_NAME = ESP8266;
				SWIFT_VERSION = 5.0;
				VERSIONING_SYSTEM = "apple-generic";
			};
			name = Release;
		};
		83CBBA201A601CBA00E9B192 /* Debug */ = {
			isa = XCBuildConfiguration;
			buildSettings = {
				ALWAYS_SEARCH_USER_PATHS = NO;
				CLANG_ANALYZER_LOCALIZABILITY_NONLOCALIZED = YES;
				CLANG_CXX_LANGUAGE_STANDARD = "c++17";
				CLANG_CXX_LIBRARY = "libc++";
				CLANG_ENABLE_MODULES = YES;
				CLANG_ENABLE_OBJC_ARC = YES;
				CLANG_WARN_BLOCK_CAPTURE_AUTORELEASING = YES;
				CLANG_WARN_BOOL_CONVERSION = YES;
				CLANG_WARN_COMMA = YES;
				CLANG_WARN_CONSTANT_CONVERSION = YES;
				CLANG_WARN_DEPRECATED_OBJC_IMPLEMENTATIONS = YES;
				CLANG_WARN_DIRECT_OBJC_ISA_USAGE = YES_ERROR;
				CLANG_WARN_EMPTY_BODY = YES;
				CLANG_WARN_ENUM_CONVERSION = YES;
				CLANG_WARN_INFINITE_RECURSION = YES;
				CLANG_WARN_INT_CONVERSION = YES;
				CLANG_WARN_NON_LITERAL_NULL_CONVERSION = YES;
				CLANG_WARN_OBJC_IMPLICIT_RETAIN_SELF = YES;
				CLANG_WARN_OBJC_LITERAL_CONVERSION = YES;
				CLANG_WARN_OBJC_ROOT_CLASS = YES_ERROR;
				CLANG_WARN_QUOTED_INCLUDE_IN_FRAMEWORK_HEADER = YES;
				CLANG_WARN_RANGE_LOOP_ANALYSIS = YES;
				CLANG_WARN_STRICT_PROTOTYPES = YES;
				CLANG_WARN_SUSPICIOUS_MOVE = YES;
				CLANG_WARN_UNREACHABLE_CODE = YES;
				CLANG_WARN__DUPLICATE_METHOD_MATCH = YES;
				"CODE_SIGN_IDENTITY[sdk=iphoneos*]" = "iPhone Developer";
				COPY_PHASE_STRIP = NO;
				ENABLE_STRICT_OBJC_MSGSEND = YES;
				ENABLE_TESTABILITY = YES;
				"EXCLUDED_ARCHS[sdk=iphonesimulator*]" = "";
				GCC_C_LANGUAGE_STANDARD = gnu99;
				GCC_DYNAMIC_NO_PIC = NO;
				GCC_NO_COMMON_BLOCKS = YES;
				GCC_OPTIMIZATION_LEVEL = 0;
				GCC_PREPROCESSOR_DEFINITIONS = (
					"DEBUG=1",
					"$(inherited)",
				);
				GCC_SYMBOLS_PRIVATE_EXTERN = NO;
				GCC_WARN_64_TO_32_BIT_CONVERSION = YES;
				GCC_WARN_ABOUT_RETURN_TYPE = YES_ERROR;
				GCC_WARN_UNDECLARED_SELECTOR = YES;
				GCC_WARN_UNINITIALIZED_AUTOS = YES_AGGRESSIVE;
				GCC_WARN_UNUSED_FUNCTION = YES;
				GCC_WARN_UNUSED_VARIABLE = YES;
				IPHONEOS_DEPLOYMENT_TARGET = 12.4;
				LD_RUNPATH_SEARCH_PATHS = (
					/usr/lib/swift,
					"$(inherited)",
				);
				LIBRARY_SEARCH_PATHS = (
					"\"$(SDKROOT)/usr/lib/swift\"",
					"\"$(TOOLCHAIN_DIR)/usr/lib/swift/$(PLATFORM_NAME)\"",
					"\"$(inherited)\"",
				);
				MTL_ENABLE_DEBUG_INFO = YES;
				ONLY_ACTIVE_ARCH = YES;
				OTHER_CPLUSPLUSFLAGS = (
					"$(OTHER_CFLAGS)",
					"-DFOLLY_NO_CONFIG",
					"-DFOLLY_MOBILE=1",
					"-DFOLLY_USE_LIBCPP=1",
				);
				SDKROOT = iphoneos;
			};
			name = Debug;
		};
		83CBBA211A601CBA00E9B192 /* Release */ = {
			isa = XCBuildConfiguration;
			buildSettings = {
				ALWAYS_SEARCH_USER_PATHS = NO;
				CLANG_ANALYZER_LOCALIZABILITY_NONLOCALIZED = YES;
				CLANG_CXX_LANGUAGE_STANDARD = "c++17";
				CLANG_CXX_LIBRARY = "libc++";
				CLANG_ENABLE_MODULES = YES;
				CLANG_ENABLE_OBJC_ARC = YES;
				CLANG_WARN_BLOCK_CAPTURE_AUTORELEASING = YES;
				CLANG_WARN_BOOL_CONVERSION = YES;
				CLANG_WARN_COMMA = YES;
				CLANG_WARN_CONSTANT_CONVERSION = YES;
				CLANG_WARN_DEPRECATED_OBJC_IMPLEMENTATIONS = YES;
				CLANG_WARN_DIRECT_OBJC_ISA_USAGE = YES_ERROR;
				CLANG_WARN_EMPTY_BODY = YES;
				CLANG_WARN_ENUM_CONVERSION = YES;
				CLANG_WARN_INFINITE_RECURSION = YES;
				CLANG_WARN_INT_CONVERSION = YES;
				CLANG_WARN_NON_LITERAL_NULL_CONVERSION = YES;
				CLANG_WARN_OBJC_IMPLICIT_RETAIN_SELF = YES;
				CLANG_WARN_OBJC_LITERAL_CONVERSION = YES;
				CLANG_WARN_OBJC_ROOT_CLASS = YES_ERROR;
				CLANG_WARN_QUOTED_INCLUDE_IN_FRAMEWORK_HEADER = YES;
				CLANG_WARN_RANGE_LOOP_ANALYSIS = YES;
				CLANG_WARN_STRICT_PROTOTYPES = YES;
				CLANG_WARN_SUSPICIOUS_MOVE = YES;
				CLANG_WARN_UNREACHABLE_CODE = YES;
				CLANG_WARN__DUPLICATE_METHOD_MATCH = YES;
				"CODE_SIGN_IDENTITY[sdk=iphoneos*]" = "iPhone Developer";
				COPY_PHASE_STRIP = YES;
				ENABLE_NS_ASSERTIONS = NO;
				ENABLE_STRICT_OBJC_MSGSEND = YES;
				"EXCLUDED_ARCHS[sdk=iphonesimulator*]" = "";
				GCC_C_LANGUAGE_STANDARD = gnu99;
				GCC_NO_COMMON_BLOCKS = YES;
				GCC_WARN_64_TO_32_BIT_CONVERSION = YES;
				GCC_WARN_ABOUT_RETURN_TYPE = YES_ERROR;
				GCC_WARN_UNDECLARED_SELECTOR = YES;
				GCC_WARN_UNINITIALIZED_AUTOS = YES_AGGRESSIVE;
				GCC_WARN_UNUSED_FUNCTION = YES;
				GCC_WARN_UNUSED_VARIABLE = YES;
				IPHONEOS_DEPLOYMENT_TARGET = 12.4;
				LD_RUNPATH_SEARCH_PATHS = (
					/usr/lib/swift,
					"$(inherited)",
				);
				LIBRARY_SEARCH_PATHS = (
					"\"$(SDKROOT)/usr/lib/swift\"",
					"\"$(TOOLCHAIN_DIR)/usr/lib/swift/$(PLATFORM_NAME)\"",
					"\"$(inherited)\"",
				);
				MTL_ENABLE_DEBUG_INFO = NO;
				OTHER_CPLUSPLUSFLAGS = (
					"$(OTHER_CFLAGS)",
					"-DFOLLY_NO_CONFIG",
					"-DFOLLY_MOBILE=1",
					"-DFOLLY_USE_LIBCPP=1",
				);
				SDKROOT = iphoneos;
				VALIDATE_PRODUCT = YES;
			};
			name = Release;
		};
/* End XCBuildConfiguration section */

/* Begin XCConfigurationList section */
		00E357021AD99517003FC87E /* Build configuration list for PBXNativeTarget "ESP8266Tests" */ = {
			isa = XCConfigurationList;
			buildConfigurations = (
				00E356F61AD99517003FC87E /* Debug */,
				00E356F71AD99517003FC87E /* Release */,
			);
			defaultConfigurationIsVisible = 0;
			defaultConfigurationName = Release;
		};
		13B07F931A680F5B00A75B9A /* Build configuration list for PBXNativeTarget "ESP8266" */ = {
			isa = XCConfigurationList;
			buildConfigurations = (
				13B07F941A680F5B00A75B9A /* Debug */,
				13B07F951A680F5B00A75B9A /* Release */,
			);
			defaultConfigurationIsVisible = 0;
			defaultConfigurationName = Release;
		};
		83CBB9FA1A601CBA00E9B192 /* Build configuration list for PBXProject "ESP8266" */ = {
			isa = XCConfigurationList;
			buildConfigurations = (
				83CBBA201A601CBA00E9B192 /* Debug */,
				83CBBA211A601CBA00E9B192 /* Release */,
			);
			defaultConfigurationIsVisible = 0;
			defaultConfigurationName = Release;
		};
/* End XCConfigurationList section */
	};
	rootObject = 83CBB9F71A601CBA00E9B192 /* Project object */;
}
